// !$*UTF8*$!
{
	archiveVersion = 1;
	classes = {
	};
	objectVersion = 55;
	objects = {

/* Begin PBXBuildFile section */
		751C750228DC681F008A9EDD /* .gitignore in Resources */ = {isa = PBXBuildFile; fileRef = 751C750128DC681E008A9EDD /* .gitignore */; };
		7551A33528DC8460003D59E3 /* LoginViewModel.swift in Sources */ = {isa = PBXBuildFile; fileRef = 7551A33428DC8460003D59E3 /* LoginViewModel.swift */; };
		7551A33728DCCBBD003D59E3 /* MainView.swift in Sources */ = {isa = PBXBuildFile; fileRef = 7551A33628DCCBBD003D59E3 /* MainView.swift */; };
		7551A33B28DCFB17003D59E3 /* GoogleService-Info.plist in Resources */ = {isa = PBXBuildFile; fileRef = 7551A33A28DCFB17003D59E3 /* GoogleService-Info.plist */; };
		75951F1028E2E91700877C46 /* SectionsView.swift in Sources */ = {isa = PBXBuildFile; fileRef = 75951F0F28E2E91700877C46 /* SectionsView.swift */; };
		75951F1228E3007300877C46 /* HomeView.swift in Sources */ = {isa = PBXBuildFile; fileRef = 75951F1128E3007300877C46 /* HomeView.swift */; };
		759CBE0828DAE3D000ABF655 /* IalovMobilaApp.swift in Sources */ = {isa = PBXBuildFile; fileRef = 759CBE0728DAE3D000ABF655 /* IalovMobilaApp.swift */; };
		759CBE0C28DAE3D100ABF655 /* Assets.xcassets in Resources */ = {isa = PBXBuildFile; fileRef = 759CBE0B28DAE3D100ABF655 /* Assets.xcassets */; };
		759CBE0F28DAE3D100ABF655 /* Preview Assets.xcassets in Resources */ = {isa = PBXBuildFile; fileRef = 759CBE0E28DAE3D100ABF655 /* Preview Assets.xcassets */; };
		759CBE1928DAE63E00ABF655 /* LoginPage.swift in Sources */ = {isa = PBXBuildFile; fileRef = 759CBE1828DAE63E00ABF655 /* LoginPage.swift */; };
		759CBE1B28DAED0100ABF655 /* LaunchScreen.swift in Sources */ = {isa = PBXBuildFile; fileRef = 759CBE1A28DAED0100ABF655 /* LaunchScreen.swift */; };
		D84E043CE21C9F6E02BBCFC1 /* Pods_IalovMobila.framework in Frameworks */ = {isa = PBXBuildFile; fileRef = 399C9E1746783F6BD75A8BB8 /* Pods_IalovMobila.framework */; };
/* End PBXBuildFile section */

/* Begin PBXFileReference section */
		399C9E1746783F6BD75A8BB8 /* Pods_IalovMobila.framework */ = {isa = PBXFileReference; explicitFileType = wrapper.framework; includeInIndex = 0; path = Pods_IalovMobila.framework; sourceTree = BUILT_PRODUCTS_DIR; };
		751C750128DC681E008A9EDD /* .gitignore */ = {isa = PBXFileReference; lastKnownFileType = text; path = .gitignore; sourceTree = "<group>"; };
		7551A33428DC8460003D59E3 /* LoginViewModel.swift */ = {isa = PBXFileReference; lastKnownFileType = sourcecode.swift; path = LoginViewModel.swift; sourceTree = "<group>"; };
		7551A33628DCCBBD003D59E3 /* MainView.swift */ = {isa = PBXFileReference; lastKnownFileType = sourcecode.swift; path = MainView.swift; sourceTree = "<group>"; };
		7551A33A28DCFB17003D59E3 /* GoogleService-Info.plist */ = {isa = PBXFileReference; fileEncoding = 4; lastKnownFileType = text.plist.xml; path = "GoogleService-Info.plist"; sourceTree = "<group>"; };
		75951F0F28E2E91700877C46 /* SectionsView.swift */ = {isa = PBXFileReference; lastKnownFileType = sourcecode.swift; path = SectionsView.swift; sourceTree = "<group>"; };
		75951F1128E3007300877C46 /* HomeView.swift */ = {isa = PBXFileReference; lastKnownFileType = sourcecode.swift; path = HomeView.swift; sourceTree = "<group>"; };
		759CBE0428DAE3D000ABF655 /* IalovMobila.app */ = {isa = PBXFileReference; explicitFileType = wrapper.application; includeInIndex = 0; path = IalovMobila.app; sourceTree = BUILT_PRODUCTS_DIR; };
		759CBE0728DAE3D000ABF655 /* IalovMobilaApp.swift */ = {isa = PBXFileReference; lastKnownFileType = sourcecode.swift; path = IalovMobilaApp.swift; sourceTree = "<group>"; };
		759CBE0B28DAE3D100ABF655 /* Assets.xcassets */ = {isa = PBXFileReference; lastKnownFileType = folder.assetcatalog; path = Assets.xcassets; sourceTree = "<group>"; };
		759CBE0E28DAE3D100ABF655 /* Preview Assets.xcassets */ = {isa = PBXFileReference; lastKnownFileType = folder.assetcatalog; path = "Preview Assets.xcassets"; sourceTree = "<group>"; };
		759CBE1828DAE63E00ABF655 /* LoginPage.swift */ = {isa = PBXFileReference; lastKnownFileType = sourcecode.swift; path = LoginPage.swift; sourceTree = "<group>"; };
		759CBE1A28DAED0100ABF655 /* LaunchScreen.swift */ = {isa = PBXFileReference; lastKnownFileType = sourcecode.swift; path = LaunchScreen.swift; sourceTree = "<group>"; };
		89AD663F34C047B065B9BCC9 /* Pods-IalovMobila.debug.xcconfig */ = {isa = PBXFileReference; includeInIndex = 1; lastKnownFileType = text.xcconfig; name = "Pods-IalovMobila.debug.xcconfig"; path = "Target Support Files/Pods-IalovMobila/Pods-IalovMobila.debug.xcconfig"; sourceTree = "<group>"; };
		F5C957942ED2596DFBBB63D8 /* Pods-IalovMobila.release.xcconfig */ = {isa = PBXFileReference; includeInIndex = 1; lastKnownFileType = text.xcconfig; name = "Pods-IalovMobila.release.xcconfig"; path = "Target Support Files/Pods-IalovMobila/Pods-IalovMobila.release.xcconfig"; sourceTree = "<group>"; };
/* End PBXFileReference section */

/* Begin PBXFrameworksBuildPhase section */
		759CBE0128DAE3D000ABF655 /* Frameworks */ = {
			isa = PBXFrameworksBuildPhase;
			buildActionMask = 2147483647;
			files = (
				D84E043CE21C9F6E02BBCFC1 /* Pods_IalovMobila.framework in Frameworks */,
			);
			runOnlyForDeploymentPostprocessing = 0;
		};
/* End PBXFrameworksBuildPhase section */

/* Begin PBXGroup section */
		0E655F52D8CD703105C029A2 /* Frameworks */ = {
			isa = PBXGroup;
			children = (
				399C9E1746783F6BD75A8BB8 /* Pods_IalovMobila.framework */,
			);
			name = Frameworks;
			sourceTree = "<group>";
		};
		759CBDFB28DAE3D000ABF655 = {
			isa = PBXGroup;
			children = (
				759CBE0628DAE3D000ABF655 /* IalovMobila */,
				759CBE0528DAE3D000ABF655 /* Products */,
				DE116D99AE033ADC9D8EEFE2 /* Pods */,
				0E655F52D8CD703105C029A2 /* Frameworks */,
			);
			sourceTree = "<group>";
		};
		759CBE0528DAE3D000ABF655 /* Products */ = {
			isa = PBXGroup;
			children = (
				759CBE0428DAE3D000ABF655 /* IalovMobila.app */,
			);
			name = Products;
			sourceTree = "<group>";
		};
		759CBE0628DAE3D000ABF655 /* IalovMobila */ = {
			isa = PBXGroup;
			children = (
				759CBE0728DAE3D000ABF655 /* IalovMobilaApp.swift */,
				759CBE1628DAE5ED00ABF655 /* Model */,
				759CBE1728DAE60000ABF655 /* ViewModels */,
				759CBE1528DAE5E800ABF655 /* Views */,
				759CBE0D28DAE3D100ABF655 /* Preview Content */,
				751C750128DC681E008A9EDD /* .gitignore */,
				759CBE0B28DAE3D100ABF655 /* Assets.xcassets */,
				7551A33A28DCFB17003D59E3 /* GoogleService-Info.plist */,
			);
			path = IalovMobila;
			sourceTree = "<group>";
		};
		759CBE0D28DAE3D100ABF655 /* Preview Content */ = {
			isa = PBXGroup;
			children = (
				759CBE0E28DAE3D100ABF655 /* Preview Assets.xcassets */,
			);
			path = "Preview Content";
			sourceTree = "<group>";
		};
		759CBE1528DAE5E800ABF655 /* Views */ = {
			isa = PBXGroup;
			children = (
				759CBE1828DAE63E00ABF655 /* LoginPage.swift */,
				759CBE1A28DAED0100ABF655 /* LaunchScreen.swift */,
				7551A33628DCCBBD003D59E3 /* MainView.swift */,
				75951F0F28E2E91700877C46 /* SectionsView.swift */,
				75951F1128E3007300877C46 /* HomeView.swift */,
			);
			path = Views;
			sourceTree = "<group>";
		};
		759CBE1628DAE5ED00ABF655 /* Model */ = {
			isa = PBXGroup;
			children = (
			);
			path = Model;
			sourceTree = "<group>";
		};
		759CBE1728DAE60000ABF655 /* ViewModels */ = {
			isa = PBXGroup;
			children = (
				7551A33428DC8460003D59E3 /* LoginViewModel.swift */,
			);
			path = ViewModels;
			sourceTree = "<group>";
		};
		DE116D99AE033ADC9D8EEFE2 /* Pods */ = {
			isa = PBXGroup;
			children = (
				89AD663F34C047B065B9BCC9 /* Pods-IalovMobila.debug.xcconfig */,
				F5C957942ED2596DFBBB63D8 /* Pods-IalovMobila.release.xcconfig */,
			);
			path = Pods;
			sourceTree = "<group>";
		};
/* End PBXGroup section */

/* Begin PBXNativeTarget section */
		759CBE0328DAE3D000ABF655 /* IalovMobila */ = {
			isa = PBXNativeTarget;
			buildConfigurationList = 759CBE1228DAE3D100ABF655 /* Build configuration list for PBXNativeTarget "IalovMobila" */;
			buildPhases = (
				57E0B35101E529BA2F855645 /* [CP] Check Pods Manifest.lock */,
				759CBE0028DAE3D000ABF655 /* Sources */,
				759CBE0128DAE3D000ABF655 /* Frameworks */,
				759CBE0228DAE3D000ABF655 /* Resources */,
				157D99A96DAAB074C0CF5BA7 /* [CP] Embed Pods Frameworks */,
			);
			buildRules = (
			);
			dependencies = (
			);
			name = IalovMobila;
			productName = IalovMobila;
			productReference = 759CBE0428DAE3D000ABF655 /* IalovMobila.app */;
			productType = "com.apple.product-type.application";
		};
/* End PBXNativeTarget section */

/* Begin PBXProject section */
		759CBDFC28DAE3D000ABF655 /* Project object */ = {
			isa = PBXProject;
			attributes = {
				BuildIndependentTargetsInParallel = 1;
				LastSwiftUpdateCheck = 1340;
				LastUpgradeCheck = 1340;
				TargetAttributes = {
					759CBE0328DAE3D000ABF655 = {
						CreatedOnToolsVersion = 13.4.1;
					};
				};
			};
			buildConfigurationList = 759CBDFF28DAE3D000ABF655 /* Build configuration list for PBXProject "IalovMobila" */;
			compatibilityVersion = "Xcode 13.0";
			developmentRegion = en;
			hasScannedForEncodings = 0;
			knownRegions = (
				en,
				Base,
			);
			mainGroup = 759CBDFB28DAE3D000ABF655;
			productRefGroup = 759CBE0528DAE3D000ABF655 /* Products */;
			projectDirPath = "";
			projectRoot = "";
			targets = (
				759CBE0328DAE3D000ABF655 /* IalovMobila */,
			);
		};
/* End PBXProject section */

/* Begin PBXResourcesBuildPhase section */
		759CBE0228DAE3D000ABF655 /* Resources */ = {
			isa = PBXResourcesBuildPhase;
			buildActionMask = 2147483647;
			files = (
				759CBE0F28DAE3D100ABF655 /* Preview Assets.xcassets in Resources */,
				7551A33B28DCFB17003D59E3 /* GoogleService-Info.plist in Resources */,
				751C750228DC681F008A9EDD /* .gitignore in Resources */,
				759CBE0C28DAE3D100ABF655 /* Assets.xcassets in Resources */,
			);
			runOnlyForDeploymentPostprocessing = 0;
		};
/* End PBXResourcesBuildPhase section */

/* Begin PBXShellScriptBuildPhase section */
		157D99A96DAAB074C0CF5BA7 /* [CP] Embed Pods Frameworks */ = {
			isa = PBXShellScriptBuildPhase;
			buildActionMask = 2147483647;
			files = (
			);
			inputFileListPaths = (
				"${PODS_ROOT}/Target Support Files/Pods-IalovMobila/Pods-IalovMobila-frameworks-${CONFIGURATION}-input-files.xcfilelist",
			);
			name = "[CP] Embed Pods Frameworks";
			outputFileListPaths = (
				"${PODS_ROOT}/Target Support Files/Pods-IalovMobila/Pods-IalovMobila-frameworks-${CONFIGURATION}-output-files.xcfilelist",
			);
			runOnlyForDeploymentPostprocessing = 0;
			shellPath = /bin/sh;
			shellScript = "\"${PODS_ROOT}/Target Support Files/Pods-IalovMobila/Pods-IalovMobila-frameworks.sh\"\n";
			showEnvVarsInLog = 0;
		};
		57E0B35101E529BA2F855645 /* [CP] Check Pods Manifest.lock */ = {
			isa = PBXShellScriptBuildPhase;
			buildActionMask = 2147483647;
			files = (
			);
			inputFileListPaths = (
			);
			inputPaths = (
				"${PODS_PODFILE_DIR_PATH}/Podfile.lock",
				"${PODS_ROOT}/Manifest.lock",
			);
			name = "[CP] Check Pods Manifest.lock";
			outputFileListPaths = (
			);
			outputPaths = (
				"$(DERIVED_FILE_DIR)/Pods-IalovMobila-checkManifestLockResult.txt",
			);
			runOnlyForDeploymentPostprocessing = 0;
			shellPath = /bin/sh;
			shellScript = "diff \"${PODS_PODFILE_DIR_PATH}/Podfile.lock\" \"${PODS_ROOT}/Manifest.lock\" > /dev/null\nif [ $? != 0 ] ; then\n    # print error to STDERR\n    echo \"error: The sandbox is not in sync with the Podfile.lock. Run 'pod install' or update your CocoaPods installation.\" >&2\n    exit 1\nfi\n# This output is used by Xcode 'outputs' to avoid re-running this script phase.\necho \"SUCCESS\" > \"${SCRIPT_OUTPUT_FILE_0}\"\n";
			showEnvVarsInLog = 0;
		};
/* End PBXShellScriptBuildPhase section */

/* Begin PBXSourcesBuildPhase section */
		759CBE0028DAE3D000ABF655 /* Sources */ = {
			isa = PBXSourcesBuildPhase;
			buildActionMask = 2147483647;
			files = (
				75951F1028E2E91700877C46 /* SectionsView.swift in Sources */,
				75951F1228E3007300877C46 /* HomeView.swift in Sources */,
				759CBE1B28DAED0100ABF655 /* LaunchScreen.swift in Sources */,
				759CBE1928DAE63E00ABF655 /* LoginPage.swift in Sources */,
				7551A33528DC8460003D59E3 /* LoginViewModel.swift in Sources */,
				7551A33728DCCBBD003D59E3 /* MainView.swift in Sources */,
				759CBE0828DAE3D000ABF655 /* IalovMobilaApp.swift in Sources */,
			);
			runOnlyForDeploymentPostprocessing = 0;
		};
/* End PBXSourcesBuildPhase section */

/* Begin XCBuildConfiguration section */
		759CBE1028DAE3D100ABF655 /* Debug */ = {
			isa = XCBuildConfiguration;
			buildSettings = {
				ALWAYS_SEARCH_USER_PATHS = NO;
				CLANG_ANALYZER_NONNULL = YES;
				CLANG_ANALYZER_NUMBER_OBJECT_CONVERSION = YES_AGGRESSIVE;
				CLANG_CXX_LANGUAGE_STANDARD = "gnu++17";
				CLANG_ENABLE_MODULES = YES;
				CLANG_ENABLE_OBJC_ARC = YES;
				CLANG_ENABLE_OBJC_WEAK = YES;
				CLANG_WARN_BLOCK_CAPTURE_AUTORELEASING = YES;
				CLANG_WARN_BOOL_CONVERSION = YES;
				CLANG_WARN_COMMA = YES;
				CLANG_WARN_CONSTANT_CONVERSION = YES;
				CLANG_WARN_DEPRECATED_OBJC_IMPLEMENTATIONS = YES;
				CLANG_WARN_DIRECT_OBJC_ISA_USAGE = YES_ERROR;
				CLANG_WARN_DOCUMENTATION_COMMENTS = YES;
				CLANG_WARN_EMPTY_BODY = YES;
				CLANG_WARN_ENUM_CONVERSION = YES;
				CLANG_WARN_INFINITE_RECURSION = YES;
				CLANG_WARN_INT_CONVERSION = YES;
				CLANG_WARN_NON_LITERAL_NULL_CONVERSION = YES;
				CLANG_WARN_OBJC_IMPLICIT_RETAIN_SELF = YES;
				CLANG_WARN_OBJC_LITERAL_CONVERSION = YES;
				CLANG_WARN_OBJC_ROOT_CLASS = YES_ERROR;
				CLANG_WARN_QUOTED_INCLUDE_IN_FRAMEWORK_HEADER = YES;
				CLANG_WARN_RANGE_LOOP_ANALYSIS = YES;
				CLANG_WARN_STRICT_PROTOTYPES = YES;
				CLANG_WARN_SUSPICIOUS_MOVE = YES;
				CLANG_WARN_UNGUARDED_AVAILABILITY = YES_AGGRESSIVE;
				CLANG_WARN_UNREACHABLE_CODE = YES;
				CLANG_WARN__DUPLICATE_METHOD_MATCH = YES;
				COPY_PHASE_STRIP = NO;
				DEBUG_INFORMATION_FORMAT = dwarf;
				ENABLE_STRICT_OBJC_MSGSEND = YES;
				ENABLE_TESTABILITY = YES;
				GCC_C_LANGUAGE_STANDARD = gnu11;
				GCC_DYNAMIC_NO_PIC = NO;
				GCC_NO_COMMON_BLOCKS = YES;
				GCC_OPTIMIZATION_LEVEL = 0;
				GCC_PREPROCESSOR_DEFINITIONS = (
					"DEBUG=1",
					"$(inherited)",
				);
				GCC_WARN_64_TO_32_BIT_CONVERSION = YES;
				GCC_WARN_ABOUT_RETURN_TYPE = YES_ERROR;
				GCC_WARN_UNDECLARED_SELECTOR = YES;
				GCC_WARN_UNINITIALIZED_AUTOS = YES_AGGRESSIVE;
				GCC_WARN_UNUSED_FUNCTION = YES;
				GCC_WARN_UNUSED_VARIABLE = YES;
				IPHONEOS_DEPLOYMENT_TARGET = 15.5;
				MTL_ENABLE_DEBUG_INFO = INCLUDE_SOURCE;
				MTL_FAST_MATH = YES;
				ONLY_ACTIVE_ARCH = YES;
				SDKROOT = iphoneos;
				SWIFT_ACTIVE_COMPILATION_CONDITIONS = DEBUG;
				SWIFT_OPTIMIZATION_LEVEL = "-Onone";
			};
			name = Debug;
		};
		759CBE1128DAE3D100ABF655 /* Release */ = {
			isa = XCBuildConfiguration;
			buildSettings = {
				ALWAYS_SEARCH_USER_PATHS = NO;
				CLANG_ANALYZER_NONNULL = YES;
				CLANG_ANALYZER_NUMBER_OBJECT_CONVERSION = YES_AGGRESSIVE;
				CLANG_CXX_LANGUAGE_STANDARD = "gnu++17";
				CLANG_ENABLE_MODULES = YES;
				CLANG_ENABLE_OBJC_ARC = YES;
				CLANG_ENABLE_OBJC_WEAK = YES;
				CLANG_WARN_BLOCK_CAPTURE_AUTORELEASING = YES;
				CLANG_WARN_BOOL_CONVERSION = YES;
				CLANG_WARN_COMMA = YES;
				CLANG_WARN_CONSTANT_CONVERSION = YES;
				CLANG_WARN_DEPRECATED_OBJC_IMPLEMENTATIONS = YES;
				CLANG_WARN_DIRECT_OBJC_ISA_USAGE = YES_ERROR;
				CLANG_WARN_DOCUMENTATION_COMMENTS = YES;
				CLANG_WARN_EMPTY_BODY = YES;
				CLANG_WARN_ENUM_CONVERSION = YES;
				CLANG_WARN_INFINITE_RECURSION = YES;
				CLANG_WARN_INT_CONVERSION = YES;
				CLANG_WARN_NON_LITERAL_NULL_CONVERSION = YES;
				CLANG_WARN_OBJC_IMPLICIT_RETAIN_SELF = YES;
				CLANG_WARN_OBJC_LITERAL_CONVERSION = YES;
				CLANG_WARN_OBJC_ROOT_CLASS = YES_ERROR;
				CLANG_WARN_QUOTED_INCLUDE_IN_FRAMEWORK_HEADER = YES;
				CLANG_WARN_RANGE_LOOP_ANALYSIS = YES;
				CLANG_WARN_STRICT_PROTOTYPES = YES;
				CLANG_WARN_SUSPICIOUS_MOVE = YES;
				CLANG_WARN_UNGUARDED_AVAILABILITY = YES_AGGRESSIVE;
				CLANG_WARN_UNREACHABLE_CODE = YES;
				CLANG_WARN__DUPLICATE_METHOD_MATCH = YES;
				COPY_PHASE_STRIP = NO;
				DEBUG_INFORMATION_FORMAT = "dwarf-with-dsym";
				ENABLE_NS_ASSERTIONS = NO;
				ENABLE_STRICT_OBJC_MSGSEND = YES;
				GCC_C_LANGUAGE_STANDARD = gnu11;
				GCC_NO_COMMON_BLOCKS = YES;
				GCC_WARN_64_TO_32_BIT_CONVERSION = YES;
				GCC_WARN_ABOUT_RETURN_TYPE = YES_ERROR;
				GCC_WARN_UNDECLARED_SELECTOR = YES;
				GCC_WARN_UNINITIALIZED_AUTOS = YES_AGGRESSIVE;
				GCC_WARN_UNUSED_FUNCTION = YES;
				GCC_WARN_UNUSED_VARIABLE = YES;
				IPHONEOS_DEPLOYMENT_TARGET = 15.5;
				MTL_ENABLE_DEBUG_INFO = NO;
				MTL_FAST_MATH = YES;
				SDKROOT = iphoneos;
				SWIFT_COMPILATION_MODE = wholemodule;
				SWIFT_OPTIMIZATION_LEVEL = "-O";
				VALIDATE_PRODUCT = YES;
			};
			name = Release;
		};
		759CBE1328DAE3D100ABF655 /* Debug */ = {
			isa = XCBuildConfiguration;
			baseConfigurationReference = 89AD663F34C047B065B9BCC9 /* Pods-IalovMobila.debug.xcconfig */;
			buildSettings = {
				ASSETCATALOG_COMPILER_APPICON_NAME = AppIcon;
				ASSETCATALOG_COMPILER_GLOBAL_ACCENT_COLOR_NAME = AccentColor;
				CODE_SIGN_STYLE = Automatic;
				CURRENT_PROJECT_VERSION = 1;
				DEVELOPMENT_ASSET_PATHS = "\"IalovMobila/Preview Content\"";
				DEVELOPMENT_TEAM = Y279TVF4Y6;
				ENABLE_PREVIEWS = YES;
				GENERATE_INFOPLIST_FILE = YES;
				INFOPLIST_KEY_UIApplicationSceneManifest_Generation = YES;
				INFOPLIST_KEY_UIApplicationSupportsIndirectInputEvents = YES;
				INFOPLIST_KEY_UILaunchScreen_Generation = YES;
				INFOPLIST_KEY_UISupportedInterfaceOrientations = UIInterfaceOrientationPortrait;
				IPHONEOS_DEPLOYMENT_TARGET = 15.5;
				LD_RUNPATH_SEARCH_PATHS = (
					"$(inherited)",
					"@executable_path/Frameworks",
				);
				MARKETING_VERSION = 1.0;
				PRODUCT_BUNDLE_IDENTIFIER = com.secrieruandrei.IalovMobila;
				PRODUCT_NAME = "$(TARGET_NAME)";
				SWIFT_EMIT_LOC_STRINGS = YES;
				SWIFT_VERSION = 5.0;
				TARGETED_DEVICE_FAMILY = "1,2";
			};
			name = Debug;
		};
		759CBE1428DAE3D100ABF655 /* Release */ = {
			isa = XCBuildConfiguration;
			baseConfigurationReference = F5C957942ED2596DFBBB63D8 /* Pods-IalovMobila.release.xcconfig */;
			buildSettings = {
				ASSETCATALOG_COMPILER_APPICON_NAME = AppIcon;
				ASSETCATALOG_COMPILER_GLOBAL_ACCENT_COLOR_NAME = AccentColor;
				CODE_SIGN_STYLE = Automatic;
				CURRENT_PROJECT_VERSION = 1;
				DEVELOPMENT_ASSET_PATHS = "\"IalovMobila/Preview Content\"";
				DEVELOPMENT_TEAM = Y279TVF4Y6;
				ENABLE_PREVIEWS = YES;
				GENERATE_INFOPLIST_FILE = YES;
				INFOPLIST_KEY_UIApplicationSceneManifest_Generation = YES;
				INFOPLIST_KEY_UIApplicationSupportsIndirectInputEvents = YES;
				INFOPLIST_KEY_UILaunchScreen_Generation = YES;
				INFOPLIST_KEY_UISupportedInterfaceOrientations = UIInterfaceOrientationPortrait;
				IPHONEOS_DEPLOYMENT_TARGET = 15.5;
				LD_RUNPATH_SEARCH_PATHS = (
					"$(inherited)",
					"@executable_path/Frameworks",
				);
				MARKETING_VERSION = 1.0;
				PRODUCT_BUNDLE_IDENTIFIER = com.secrieruandrei.IalovMobila;
				PRODUCT_NAME = "$(TARGET_NAME)";
				SWIFT_EMIT_LOC_STRINGS = YES;
				SWIFT_VERSION = 5.0;
				TARGETED_DEVICE_FAMILY = "1,2";
			};
			name = Release;
		};
/* End XCBuildConfiguration section */

/* Begin XCConfigurationList section */
		759CBDFF28DAE3D000ABF655 /* Build configuration list for PBXProject "IalovMobila" */ = {
			isa = XCConfigurationList;
			buildConfigurations = (
				759CBE1028DAE3D100ABF655 /* Debug */,
				759CBE1128DAE3D100ABF655 /* Release */,
			);
			defaultConfigurationIsVisible = 0;
			defaultConfigurationName = Release;
		};
		759CBE1228DAE3D100ABF655 /* Build configuration list for PBXNativeTarget "IalovMobila" */ = {
			isa = XCConfigurationList;
			buildConfigurations = (
				759CBE1328DAE3D100ABF655 /* Debug */,
				759CBE1428DAE3D100ABF655 /* Release */,
			);
			defaultConfigurationIsVisible = 0;
			defaultConfigurationName = Release;
		};
/* End XCConfigurationList section */
	};
	rootObject = 759CBDFC28DAE3D000ABF655 /* Project object */;
}
